
Microsoft Visual Studio Solution File, Format Version 12.00
# Visual Studio Version 17
VisualStudioVersion = 17.11.35327.3
MinimumVisualStudioVersion = 10.0.40219.1
Project("{FAE04EC0-301F-11D3-BF4B-00C04F79EFBC}") = "campushub", "CampusHub\campushub.csproj", "{9824DFEB-96B6-4D0E-81F6-6BF8CEC1D2FD}"
EndProject
Global
	GlobalSection(SolutionConfigurationPlatforms) = preSolution
		Debug|Any CPU = Debug|Any CPU
		Release|Any CPU = Release|Any CPU
	EndGlobalSection
	GlobalSection(ProjectConfigurationPlatforms) = postSolution
		{9824DFEB-96B6-4D0E-81F6-6BF8CEC1D2FD}.Debug|Any CPU.ActiveCfg = Debug|Any CPU
		{9824DFEB-96B6-4D0E-81F6-6BF8CEC1D2FD}.Debug|Any CPU.Build.0 = Debug|Any CPU
		{9824DFEB-96B6-4D0E-81F6-6BF8CEC1D2FD}.Release|Any CPU.ActiveCfg = Release|Any CPU
		{9824DFEB-96B6-4D0E-81F6-6BF8CEC1D2FD}.Release|Any CPU.Build.0 = Release|Any CPU
	EndGlobalSection
	GlobalSection(SolutionProperties) = preSolution
		HideSolutionNode = FALSE
	EndGlobalSection
	GlobalSection(ExtensibilityGlobals) = postSolution
		SolutionGuid = {F13A53D5-8F33-4F1C-AC84-85AE38B21663}
	EndGlobalSection
EndGlobal
